
Microsoft Visual Studio Solution File, Format Version 12.00
# Visual Studio 15
Project("{FAE04EC0-301F-11D3-BF4B-00C04F79EFBC}") = "Assembly-CSharp", "Assembly-CSharp.csproj", "{0CD90060-2FB0-F342-E0AE-29044EA7EBC9}"
EndProject
Project("{FAE04EC0-301F-11D3-BF4B-00C04F79EFBC}") = "Assembly-CSharp-firstpass", "Assembly-CSharp-firstpass.csproj", "{166D3A41-D95E-2DCB-6BB6-EA478F3F37B4}"
EndProject
Project("{FAE04EC0-301F-11D3-BF4B-00C04F79EFBC}") = "Assembly-CSharp-Editor-firstpass", "Assembly-CSharp-Editor-firstpass.csproj", "{09BC395D-D504-251D-9E2F-54CB9DB9C599}"
EndProject
Project("{FAE04EC0-301F-11D3-BF4B-00C04F79EFBC}") = "Assembly-CSharp-Editor", "Assembly-CSharp-Editor.csproj", "{45397E78-124F-E9C5-F0BE-D0795F4CB94A}"
EndProject
Global
	GlobalSection(SolutionConfigurationPlatforms) = preSolution
		Debug|Any CPU = Debug|Any CPU
		Release|Any CPU = Release|Any CPU
	EndGlobalSection
	GlobalSection(ProjectConfigurationPlatforms) = postSolution
		{0CD90060-2FB0-F342-E0AE-29044EA7EBC9}.Debug|Any CPU.ActiveCfg = Debug|Any CPU
		{0CD90060-2FB0-F342-E0AE-29044EA7EBC9}.Debug|Any CPU.Build.0 = Debug|Any CPU
		{0CD90060-2FB0-F342-E0AE-29044EA7EBC9}.Release|Any CPU.ActiveCfg = Release|Any CPU
		{0CD90060-2FB0-F342-E0AE-29044EA7EBC9}.Release|Any CPU.Build.0 = Release|Any CPU
		{166D3A41-D95E-2DCB-6BB6-EA478F3F37B4}.Debug|Any CPU.ActiveCfg = Debug|Any CPU
		{166D3A41-D95E-2DCB-6BB6-EA478F3F37B4}.Debug|Any CPU.Build.0 = Debug|Any CPU
		{166D3A41-D95E-2DCB-6BB6-EA478F3F37B4}.Release|Any CPU.ActiveCfg = Release|Any CPU
		{166D3A41-D95E-2DCB-6BB6-EA478F3F37B4}.Release|Any CPU.Build.0 = Release|Any CPU
		{09BC395D-D504-251D-9E2F-54CB9DB9C599}.Debug|Any CPU.ActiveCfg = Debug|Any CPU
		{09BC395D-D504-251D-9E2F-54CB9DB9C599}.Debug|Any CPU.Build.0 = Debug|Any CPU
		{09BC395D-D504-251D-9E2F-54CB9DB9C599}.Release|Any CPU.ActiveCfg = Release|Any CPU
		{09BC395D-D504-251D-9E2F-54CB9DB9C599}.Release|Any CPU.Build.0 = Release|Any CPU
		{45397E78-124F-E9C5-F0BE-D0795F4CB94A}.Debug|Any CPU.ActiveCfg = Debug|Any CPU
		{45397E78-124F-E9C5-F0BE-D0795F4CB94A}.Debug|Any CPU.Build.0 = Debug|Any CPU
		{45397E78-124F-E9C5-F0BE-D0795F4CB94A}.Release|Any CPU.ActiveCfg = Release|Any CPU
		{45397E78-124F-E9C5-F0BE-D0795F4CB94A}.Release|Any CPU.Build.0 = Release|Any CPU
	EndGlobalSection
	GlobalSection(SolutionProperties) = preSolution
		HideSolutionNode = FALSE
	EndGlobalSection
EndGlobal
