
Microsoft Visual Studio Solution File, Format Version 11.00
# Visual Studio 2010
Project("{FAE04EC0-301F-11D3-BF4B-00C04F79EFBC}") = "Assembly-CSharp", "Assembly-CSharp.csproj", "{DF8A8990-D6E6-23A5-8AC9-49371E4A262E}"
EndProject
Project("{FAE04EC0-301F-11D3-BF4B-00C04F79EFBC}") = "Assembly-CSharp-firstpass", "Assembly-CSharp-firstpass.csproj", "{082500C5-3BAA-6316-28C6-E9A1A4D0B70F}"
EndProject
Project("{FAE04EC0-301F-11D3-BF4B-00C04F79EFBC}") = "Assembly-CSharp-Editor", "Assembly-CSharp-Editor.csproj", "{EDF6DFD0-3C78-CE4D-F8A0-EB67A5D5F7A0}"
EndProject
Project("{FAE04EC0-301F-11D3-BF4B-00C04F79EFBC}") = "Assembly-CSharp-Editor-firstpass", "Assembly-CSharp-Editor-firstpass.csproj", "{5F4F6FC0-F147-6F7D-88DD-2ACD0184CEEE}"
EndProject
Global
	GlobalSection(SolutionConfigurationPlatforms) = preSolution
		Debug|Any CPU = Debug|Any CPU
		Release|Any CPU = Release|Any CPU
	EndGlobalSection
	GlobalSection(ProjectConfigurationPlatforms) = postSolution
		{DF8A8990-D6E6-23A5-8AC9-49371E4A262E}.Debug|Any CPU.ActiveCfg = Debug|Any CPU
		{DF8A8990-D6E6-23A5-8AC9-49371E4A262E}.Debug|Any CPU.Build.0 = Debug|Any CPU
		{DF8A8990-D6E6-23A5-8AC9-49371E4A262E}.Release|Any CPU.ActiveCfg = Release|Any CPU
		{DF8A8990-D6E6-23A5-8AC9-49371E4A262E}.Release|Any CPU.Build.0 = Release|Any CPU
		{082500C5-3BAA-6316-28C6-E9A1A4D0B70F}.Debug|Any CPU.ActiveCfg = Debug|Any CPU
		{082500C5-3BAA-6316-28C6-E9A1A4D0B70F}.Debug|Any CPU.Build.0 = Debug|Any CPU
		{082500C5-3BAA-6316-28C6-E9A1A4D0B70F}.Release|Any CPU.ActiveCfg = Release|Any CPU
		{082500C5-3BAA-6316-28C6-E9A1A4D0B70F}.Release|Any CPU.Build.0 = Release|Any CPU
		{EDF6DFD0-3C78-CE4D-F8A0-EB67A5D5F7A0}.Debug|Any CPU.ActiveCfg = Debug|Any CPU
		{EDF6DFD0-3C78-CE4D-F8A0-EB67A5D5F7A0}.Debug|Any CPU.Build.0 = Debug|Any CPU
		{EDF6DFD0-3C78-CE4D-F8A0-EB67A5D5F7A0}.Release|Any CPU.ActiveCfg = Release|Any CPU
		{EDF6DFD0-3C78-CE4D-F8A0-EB67A5D5F7A0}.Release|Any CPU.Build.0 = Release|Any CPU
		{5F4F6FC0-F147-6F7D-88DD-2ACD0184CEEE}.Debug|Any CPU.ActiveCfg = Debug|Any CPU
		{5F4F6FC0-F147-6F7D-88DD-2ACD0184CEEE}.Debug|Any CPU.Build.0 = Debug|Any CPU
		{5F4F6FC0-F147-6F7D-88DD-2ACD0184CEEE}.Release|Any CPU.ActiveCfg = Release|Any CPU
		{5F4F6FC0-F147-6F7D-88DD-2ACD0184CEEE}.Release|Any CPU.Build.0 = Release|Any CPU
	EndGlobalSection
	GlobalSection(SolutionProperties) = preSolution
		HideSolutionNode = FALSE
	EndGlobalSection
EndGlobal
